// !$*UTF8*$!
{
	archiveVersion = 1;
	classes = {
	};
	objectVersion = 50;
	objects = {

/* Begin PBXBuildFile section */
		8E81A8732340EC5100D31FAF /* AppDelegate.swift in Sources */ = {isa = PBXBuildFile; fileRef = 8E81A8722340EC5100D31FAF /* AppDelegate.swift */; };
		8E81A8752340EC5100D31FAF /* SceneDelegate.swift in Sources */ = {isa = PBXBuildFile; fileRef = 8E81A8742340EC5100D31FAF /* SceneDelegate.swift */; };
		8E81A8772340EC5100D31FAF /* ViewController.swift in Sources */ = {isa = PBXBuildFile; fileRef = 8E81A8762340EC5100D31FAF /* ViewController.swift */; };
		8E81A87A2340EC5100D31FAF /* Main.storyboard in Resources */ = {isa = PBXBuildFile; fileRef = 8E81A8782340EC5100D31FAF /* Main.storyboard */; };
		8E81A87C2340EC5200D31FAF /* Assets.xcassets in Resources */ = {isa = PBXBuildFile; fileRef = 8E81A87B2340EC5200D31FAF /* Assets.xcassets */; };
		8E81A87F2340EC5200D31FAF /* LaunchScreen.storyboard in Resources */ = {isa = PBXBuildFile; fileRef = 8E81A87D2340EC5200D31FAF /* LaunchScreen.storyboard */; };
		8E81A88A2340EC5200D31FAF /* TicTacToeTests.swift in Sources */ = {isa = PBXBuildFile; fileRef = 8E81A8892340EC5200D31FAF /* TicTacToeTests.swift */; };
		8E81A8962340ECFD00D31FAF /* Player.swift in Sources */ = {isa = PBXBuildFile; fileRef = 8E81A8952340ECFD00D31FAF /* Player.swift */; };
		8E81A8982340ED1300D31FAF /* Move.swift in Sources */ = {isa = PBXBuildFile; fileRef = 8E81A8972340ED1300D31FAF /* Move.swift */; };
		8E81A89A2340ED3800D31FAF /* Game.swift in Sources */ = {isa = PBXBuildFile; fileRef = 8E81A8992340ED3800D31FAF /* Game.swift */; };
		8E81A89C2340EF9300D31FAF /* GameProtocol.swift in Sources */ = {isa = PBXBuildFile; fileRef = 8E81A89B2340EF9300D31FAF /* GameProtocol.swift */; };
		8E81A89E2340F62C00D31FAF /* GameExtensions.swift in Sources */ = {isa = PBXBuildFile; fileRef = 8E81A89D2340F62C00D31FAF /* GameExtensions.swift */; };
		8E81A8A52342019300D31FAF /* UIViewTests.swift in Sources */ = {isa = PBXBuildFile; fileRef = 8E81A8A42342019300D31FAF /* UIViewTests.swift */; };
		8E81A8A8234202E800D31FAF /* UIViewExtensions.swift in Sources */ = {isa = PBXBuildFile; fileRef = 8E81A8A7234202E800D31FAF /* UIViewExtensions.swift */; };
/* End PBXBuildFile section */

/* Begin PBXContainerItemProxy section */
		8E81A8862340EC5200D31FAF /* PBXContainerItemProxy */ = {
			isa = PBXContainerItemProxy;
			containerPortal = 8E81A8672340EC5000D31FAF /* Project object */;
			proxyType = 1;
			remoteGlobalIDString = 8E81A86E2340EC5100D31FAF;
			remoteInfo = TicTacToe;
		};
/* End PBXContainerItemProxy section */

/* Begin PBXFileReference section */
		8E81A86F2340EC5100D31FAF /* TicTacToe.app */ = {isa = PBXFileReference; explicitFileType = wrapper.application; includeInIndex = 0; path = TicTacToe.app; sourceTree = BUILT_PRODUCTS_DIR; };
		8E81A8722340EC5100D31FAF /* AppDelegate.swift */ = {isa = PBXFileReference; lastKnownFileType = sourcecode.swift; path = AppDelegate.swift; sourceTree = "<group>"; };
		8E81A8742340EC5100D31FAF /* SceneDelegate.swift */ = {isa = PBXFileReference; lastKnownFileType = sourcecode.swift; path = SceneDelegate.swift; sourceTree = "<group>"; };
		8E81A8762340EC5100D31FAF /* ViewController.swift */ = {isa = PBXFileReference; lastKnownFileType = sourcecode.swift; path = ViewController.swift; sourceTree = "<group>"; };
		8E81A8792340EC5100D31FAF /* Base */ = {isa = PBXFileReference; lastKnownFileType = file.storyboard; name = Base; path = Base.lproj/Main.storyboard; sourceTree = "<group>"; };
		8E81A87B2340EC5200D31FAF /* Assets.xcassets */ = {isa = PBXFileReference; lastKnownFileType = folder.assetcatalog; path = Assets.xcassets; sourceTree = "<group>"; };
		8E81A87E2340EC5200D31FAF /* Base */ = {isa = PBXFileReference; lastKnownFileType = file.storyboard; name = Base; path = Base.lproj/LaunchScreen.storyboard; sourceTree = "<group>"; };
		8E81A8802340EC5200D31FAF /* Info.plist */ = {isa = PBXFileReference; lastKnownFileType = text.plist.xml; path = Info.plist; sourceTree = "<group>"; };
		8E81A8852340EC5200D31FAF /* TicTacToeTests.xctest */ = {isa = PBXFileReference; explicitFileType = wrapper.cfbundle; includeInIndex = 0; path = TicTacToeTests.xctest; sourceTree = BUILT_PRODUCTS_DIR; };
		8E81A8892340EC5200D31FAF /* TicTacToeTests.swift */ = {isa = PBXFileReference; lastKnownFileType = sourcecode.swift; path = TicTacToeTests.swift; sourceTree = "<group>"; };
		8E81A88B2340EC5200D31FAF /* Info.plist */ = {isa = PBXFileReference; lastKnownFileType = text.plist.xml; path = Info.plist; sourceTree = "<group>"; };
		8E81A8952340ECFD00D31FAF /* Player.swift */ = {isa = PBXFileReference; lastKnownFileType = sourcecode.swift; path = Player.swift; sourceTree = "<group>"; };
		8E81A8972340ED1300D31FAF /* Move.swift */ = {isa = PBXFileReference; lastKnownFileType = sourcecode.swift; path = Move.swift; sourceTree = "<group>"; };
		8E81A8992340ED3800D31FAF /* Game.swift */ = {isa = PBXFileReference; lastKnownFileType = sourcecode.swift; path = Game.swift; sourceTree = "<group>"; };
		8E81A89B2340EF9300D31FAF /* GameProtocol.swift */ = {isa = PBXFileReference; lastKnownFileType = sourcecode.swift; path = GameProtocol.swift; sourceTree = "<group>"; };
		8E81A89D2340F62C00D31FAF /* GameExtensions.swift */ = {isa = PBXFileReference; lastKnownFileType = sourcecode.swift; path = GameExtensions.swift; sourceTree = "<group>"; };
		8E81A8A42342019300D31FAF /* UIViewTests.swift */ = {isa = PBXFileReference; lastKnownFileType = sourcecode.swift; path = UIViewTests.swift; sourceTree = "<group>"; };
		8E81A8A7234202E800D31FAF /* UIViewExtensions.swift */ = {isa = PBXFileReference; lastKnownFileType = sourcecode.swift; path = UIViewExtensions.swift; sourceTree = "<group>"; };
/* End PBXFileReference section */

/* Begin PBXFrameworksBuildPhase section */
		8E81A86C2340EC5100D31FAF /* Frameworks */ = {
			isa = PBXFrameworksBuildPhase;
			buildActionMask = 2147483647;
			files = (
			);
			runOnlyForDeploymentPostprocessing = 0;
		};
		8E81A8822340EC5200D31FAF /* Frameworks */ = {
			isa = PBXFrameworksBuildPhase;
			buildActionMask = 2147483647;
			files = (
			);
			runOnlyForDeploymentPostprocessing = 0;
		};
/* End PBXFrameworksBuildPhase section */

/* Begin PBXGroup section */
		8E81A8662340EC5000D31FAF = {
			isa = PBXGroup;
			children = (
				8E81A8712340EC5100D31FAF /* TicTacToe */,
				8E81A8882340EC5200D31FAF /* TicTacToeTests */,
				8E81A8702340EC5100D31FAF /* Products */,
			);
			sourceTree = "<group>";
		};
		8E81A8702340EC5100D31FAF /* Products */ = {
			isa = PBXGroup;
			children = (
				8E81A86F2340EC5100D31FAF /* TicTacToe.app */,
				8E81A8852340EC5200D31FAF /* TicTacToeTests.xctest */,
			);
			name = Products;
			sourceTree = "<group>";
		};
		8E81A8712340EC5100D31FAF /* TicTacToe */ = {
			isa = PBXGroup;
			children = (
				8E81A8A6234202D200D31FAF /* Extensions */,
				8E81A8942340ECEC00D31FAF /* Models */,
				8E81A8722340EC5100D31FAF /* AppDelegate.swift */,
				8E81A8742340EC5100D31FAF /* SceneDelegate.swift */,
				8E81A8762340EC5100D31FAF /* ViewController.swift */,
				8E81A8782340EC5100D31FAF /* Main.storyboard */,
				8E81A87B2340EC5200D31FAF /* Assets.xcassets */,
				8E81A87D2340EC5200D31FAF /* LaunchScreen.storyboard */,
				8E81A8802340EC5200D31FAF /* Info.plist */,
			);
			path = TicTacToe;
			sourceTree = "<group>";
		};
		8E81A8882340EC5200D31FAF /* TicTacToeTests */ = {
			isa = PBXGroup;
			children = (
				8E81A8892340EC5200D31FAF /* TicTacToeTests.swift */,
				8E81A8A42342019300D31FAF /* UIViewTests.swift */,
				8E81A88B2340EC5200D31FAF /* Info.plist */,
				8E81A89D2340F62C00D31FAF /* GameExtensions.swift */,
			);
			path = TicTacToeTests;
			sourceTree = "<group>";
		};
		8E81A8942340ECEC00D31FAF /* Models */ = {
			isa = PBXGroup;
			children = (
				8E81A8952340ECFD00D31FAF /* Player.swift */,
				8E81A8972340ED1300D31FAF /* Move.swift */,
				8E81A8992340ED3800D31FAF /* Game.swift */,
				8E81A89B2340EF9300D31FAF /* GameProtocol.swift */,
			);
			path = Models;
			sourceTree = "<group>";
		};
		8E81A8A6234202D200D31FAF /* Extensions */ = {
			isa = PBXGroup;
			children = (
				8E81A8A7234202E800D31FAF /* UIViewExtensions.swift */,
			);
			path = Extensions;
			sourceTree = "<group>";
		};
/* End PBXGroup section */

/* Begin PBXNativeTarget section */
		8E81A86E2340EC5100D31FAF /* TicTacToe */ = {
			isa = PBXNativeTarget;
			buildConfigurationList = 8E81A88E2340EC5200D31FAF /* Build configuration list for PBXNativeTarget "TicTacToe" */;
			buildPhases = (
				8E81A86B2340EC5100D31FAF /* Sources */,
				8E81A86C2340EC5100D31FAF /* Frameworks */,
				8E81A86D2340EC5100D31FAF /* Resources */,
			);
			buildRules = (
			);
			dependencies = (
			);
			name = TicTacToe;
			productName = TicTacToe;
			productReference = 8E81A86F2340EC5100D31FAF /* TicTacToe.app */;
			productType = "com.apple.product-type.application";
		};
		8E81A8842340EC5200D31FAF /* TicTacToeTests */ = {
			isa = PBXNativeTarget;
			buildConfigurationList = 8E81A8912340EC5200D31FAF /* Build configuration list for PBXNativeTarget "TicTacToeTests" */;
			buildPhases = (
				8E81A8812340EC5200D31FAF /* Sources */,
				8E81A8822340EC5200D31FAF /* Frameworks */,
				8E81A8832340EC5200D31FAF /* Resources */,
			);
			buildRules = (
			);
			dependencies = (
				8E81A8872340EC5200D31FAF /* PBXTargetDependency */,
			);
			name = TicTacToeTests;
			productName = TicTacToeTests;
			productReference = 8E81A8852340EC5200D31FAF /* TicTacToeTests.xctest */;
			productType = "com.apple.product-type.bundle.unit-test";
		};
/* End PBXNativeTarget section */

/* Begin PBXProject section */
		8E81A8672340EC5000D31FAF /* Project object */ = {
			isa = PBXProject;
			attributes = {
				LastSwiftUpdateCheck = 1100;
				LastUpgradeCheck = 1100;
				ORGANIZATIONNAME = 2019_DEV_198;
				TargetAttributes = {
					8E81A86E2340EC5100D31FAF = {
						CreatedOnToolsVersion = 11.0;
					};
					8E81A8842340EC5200D31FAF = {
						CreatedOnToolsVersion = 11.0;
						TestTargetID = 8E81A86E2340EC5100D31FAF;
					};
				};
			};
			buildConfigurationList = 8E81A86A2340EC5000D31FAF /* Build configuration list for PBXProject "TicTacToe" */;
			compatibilityVersion = "Xcode 9.3";
			developmentRegion = en;
			hasScannedForEncodings = 0;
			knownRegions = (
				en,
				Base,
			);
			mainGroup = 8E81A8662340EC5000D31FAF;
			productRefGroup = 8E81A8702340EC5100D31FAF /* Products */;
			projectDirPath = "";
			projectRoot = "";
			targets = (
				8E81A86E2340EC5100D31FAF /* TicTacToe */,
				8E81A8842340EC5200D31FAF /* TicTacToeTests */,
			);
		};
/* End PBXProject section */

/* Begin PBXResourcesBuildPhase section */
		8E81A86D2340EC5100D31FAF /* Resources */ = {
			isa = PBXResourcesBuildPhase;
			buildActionMask = 2147483647;
			files = (
				8E81A87F2340EC5200D31FAF /* LaunchScreen.storyboard in Resources */,
				8E81A87C2340EC5200D31FAF /* Assets.xcassets in Resources */,
				8E81A87A2340EC5100D31FAF /* Main.storyboard in Resources */,
			);
			runOnlyForDeploymentPostprocessing = 0;
		};
		8E81A8832340EC5200D31FAF /* Resources */ = {
			isa = PBXResourcesBuildPhase;
			buildActionMask = 2147483647;
			files = (
			);
			runOnlyForDeploymentPostprocessing = 0;
		};
/* End PBXResourcesBuildPhase section */

/* Begin PBXSourcesBuildPhase section */
		8E81A86B2340EC5100D31FAF /* Sources */ = {
			isa = PBXSourcesBuildPhase;
			buildActionMask = 2147483647;
			files = (
				8E81A8982340ED1300D31FAF /* Move.swift in Sources */,
				8E81A89A2340ED3800D31FAF /* Game.swift in Sources */,
				8E81A8A8234202E800D31FAF /* UIViewExtensions.swift in Sources */,
				8E81A8962340ECFD00D31FAF /* Player.swift in Sources */,
				8E81A8772340EC5100D31FAF /* ViewController.swift in Sources */,
				8E81A8732340EC5100D31FAF /* AppDelegate.swift in Sources */,
				8E81A8752340EC5100D31FAF /* SceneDelegate.swift in Sources */,
				8E81A89C2340EF9300D31FAF /* GameProtocol.swift in Sources */,
			);
			runOnlyForDeploymentPostprocessing = 0;
		};
		8E81A8812340EC5200D31FAF /* Sources */ = {
			isa = PBXSourcesBuildPhase;
			buildActionMask = 2147483647;
			files = (
				8E81A88A2340EC5200D31FAF /* TicTacToeTests.swift in Sources */,
				8E81A89E2340F62C00D31FAF /* GameExtensions.swift in Sources */,
				8E81A8A52342019300D31FAF /* UIViewTests.swift in Sources */,
			);
			runOnlyForDeploymentPostprocessing = 0;
		};
/* End PBXSourcesBuildPhase section */

/* Begin PBXTargetDependency section */
		8E81A8872340EC5200D31FAF /* PBXTargetDependency */ = {
			isa = PBXTargetDependency;
			target = 8E81A86E2340EC5100D31FAF /* TicTacToe */;
			targetProxy = 8E81A8862340EC5200D31FAF /* PBXContainerItemProxy */;
		};
/* End PBXTargetDependency section */

/* Begin PBXVariantGroup section */
		8E81A8782340EC5100D31FAF /* Main.storyboard */ = {
			isa = PBXVariantGroup;
			children = (
				8E81A8792340EC5100D31FAF /* Base */,
			);
			name = Main.storyboard;
			sourceTree = "<group>";
		};
		8E81A87D2340EC5200D31FAF /* LaunchScreen.storyboard */ = {
			isa = PBXVariantGroup;
			children = (
				8E81A87E2340EC5200D31FAF /* Base */,
			);
			name = LaunchScreen.storyboard;
			sourceTree = "<group>";
		};
/* End PBXVariantGroup section */

/* Begin XCBuildConfiguration section */
		8E81A88C2340EC5200D31FAF /* Debug */ = {
			isa = XCBuildConfiguration;
			buildSettings = {
				ALWAYS_SEARCH_USER_PATHS = NO;
				CLANG_ANALYZER_NONNULL = YES;
				CLANG_ANALYZER_NUMBER_OBJECT_CONVERSION = YES_AGGRESSIVE;
				CLANG_CXX_LANGUAGE_STANDARD = "gnu++14";
				CLANG_CXX_LIBRARY = "libc++";
				CLANG_ENABLE_MODULES = YES;
				CLANG_ENABLE_OBJC_ARC = YES;
				CLANG_ENABLE_OBJC_WEAK = YES;
				CLANG_WARN_BLOCK_CAPTURE_AUTORELEASING = YES;
				CLANG_WARN_BOOL_CONVERSION = YES;
				CLANG_WARN_COMMA = YES;
				CLANG_WARN_CONSTANT_CONVERSION = YES;
				CLANG_WARN_DEPRECATED_OBJC_IMPLEMENTATIONS = YES;
				CLANG_WARN_DIRECT_OBJC_ISA_USAGE = YES_ERROR;
				CLANG_WARN_DOCUMENTATION_COMMENTS = YES;
				CLANG_WARN_EMPTY_BODY = YES;
				CLANG_WARN_ENUM_CONVERSION = YES;
				CLANG_WARN_INFINITE_RECURSION = YES;
				CLANG_WARN_INT_CONVERSION = YES;
				CLANG_WARN_NON_LITERAL_NULL_CONVERSION = YES;
				CLANG_WARN_OBJC_IMPLICIT_RETAIN_SELF = YES;
				CLANG_WARN_OBJC_LITERAL_CONVERSION = YES;
				CLANG_WARN_OBJC_ROOT_CLASS = YES_ERROR;
				CLANG_WARN_RANGE_LOOP_ANALYSIS = YES;
				CLANG_WARN_STRICT_PROTOTYPES = YES;
				CLANG_WARN_SUSPICIOUS_MOVE = YES;
				CLANG_WARN_UNGUARDED_AVAILABILITY = YES_AGGRESSIVE;
				CLANG_WARN_UNREACHABLE_CODE = YES;
				CLANG_WARN__DUPLICATE_METHOD_MATCH = YES;
				COPY_PHASE_STRIP = NO;
				DEBUG_INFORMATION_FORMAT = dwarf;
				ENABLE_STRICT_OBJC_MSGSEND = YES;
				ENABLE_TESTABILITY = YES;
				GCC_C_LANGUAGE_STANDARD = gnu11;
				GCC_DYNAMIC_NO_PIC = NO;
				GCC_NO_COMMON_BLOCKS = YES;
				GCC_OPTIMIZATION_LEVEL = 0;
				GCC_PREPROCESSOR_DEFINITIONS = (
					"DEBUG=1",
					"$(inherited)",
				);
				GCC_WARN_64_TO_32_BIT_CONVERSION = YES;
				GCC_WARN_ABOUT_RETURN_TYPE = YES_ERROR;
				GCC_WARN_UNDECLARED_SELECTOR = YES;
				GCC_WARN_UNINITIALIZED_AUTOS = YES_AGGRESSIVE;
				GCC_WARN_UNUSED_FUNCTION = YES;
				GCC_WARN_UNUSED_VARIABLE = YES;
				IPHONEOS_DEPLOYMENT_TARGET = 13.0;
				MTL_ENABLE_DEBUG_INFO = INCLUDE_SOURCE;
				MTL_FAST_MATH = YES;
				ONLY_ACTIVE_ARCH = YES;
				SDKROOT = iphoneos;
				SWIFT_ACTIVE_COMPILATION_CONDITIONS = DEBUG;
				SWIFT_OPTIMIZATION_LEVEL = "-Onone";
			};
			name = Debug;
		};
		8E81A88D2340EC5200D31FAF /* Release */ = {
			isa = XCBuildConfiguration;
			buildSettings = {
				ALWAYS_SEARCH_USER_PATHS = NO;
				CLANG_ANALYZER_NONNULL = YES;
				CLANG_ANALYZER_NUMBER_OBJECT_CONVERSION = YES_AGGRESSIVE;
				CLANG_CXX_LANGUAGE_STANDARD = "gnu++14";
				CLANG_CXX_LIBRARY = "libc++";
				CLANG_ENABLE_MODULES = YES;
				CLANG_ENABLE_OBJC_ARC = YES;
				CLANG_ENABLE_OBJC_WEAK = YES;
				CLANG_WARN_BLOCK_CAPTURE_AUTORELEASING = YES;
				CLANG_WARN_BOOL_CONVERSION = YES;
				CLANG_WARN_COMMA = YES;
				CLANG_WARN_CONSTANT_CONVERSION = YES;
				CLANG_WARN_DEPRECATED_OBJC_IMPLEMENTATIONS = YES;
				CLANG_WARN_DIRECT_OBJC_ISA_USAGE = YES_ERROR;
				CLANG_WARN_DOCUMENTATION_COMMENTS = YES;
				CLANG_WARN_EMPTY_BODY = YES;
				CLANG_WARN_ENUM_CONVERSION = YES;
				CLANG_WARN_INFINITE_RECURSION = YES;
				CLANG_WARN_INT_CONVERSION = YES;
				CLANG_WARN_NON_LITERAL_NULL_CONVERSION = YES;
				CLANG_WARN_OBJC_IMPLICIT_RETAIN_SELF = YES;
				CLANG_WARN_OBJC_LITERAL_CONVERSION = YES;
				CLANG_WARN_OBJC_ROOT_CLASS = YES_ERROR;
				CLANG_WARN_RANGE_LOOP_ANALYSIS = YES;
				CLANG_WARN_STRICT_PROTOTYPES = YES;
				CLANG_WARN_SUSPICIOUS_MOVE = YES;
				CLANG_WARN_UNGUARDED_AVAILABILITY = YES_AGGRESSIVE;
				CLANG_WARN_UNREACHABLE_CODE = YES;
				CLANG_WARN__DUPLICATE_METHOD_MATCH = YES;
				COPY_PHASE_STRIP = NO;
				DEBUG_INFORMATION_FORMAT = "dwarf-with-dsym";
				ENABLE_NS_ASSERTIONS = NO;
				ENABLE_STRICT_OBJC_MSGSEND = YES;
				GCC_C_LANGUAGE_STANDARD = gnu11;
				GCC_NO_COMMON_BLOCKS = YES;
				GCC_WARN_64_TO_32_BIT_CONVERSION = YES;
				GCC_WARN_ABOUT_RETURN_TYPE = YES_ERROR;
				GCC_WARN_UNDECLARED_SELECTOR = YES;
				GCC_WARN_UNINITIALIZED_AUTOS = YES_AGGRESSIVE;
				GCC_WARN_UNUSED_FUNCTION = YES;
				GCC_WARN_UNUSED_VARIABLE = YES;
				IPHONEOS_DEPLOYMENT_TARGET = 13.0;
				MTL_ENABLE_DEBUG_INFO = NO;
				MTL_FAST_MATH = YES;
				SDKROOT = iphoneos;
				SWIFT_COMPILATION_MODE = wholemodule;
				SWIFT_OPTIMIZATION_LEVEL = "-O";
				VALIDATE_PRODUCT = YES;
			};
			name = Release;
		};
		8E81A88F2340EC5200D31FAF /* Debug */ = {
			isa = XCBuildConfiguration;
			buildSettings = {
				ASSETCATALOG_COMPILER_APPICON_NAME = AppIcon;
				CODE_SIGN_STYLE = Automatic;
				DEVELOPMENT_TEAM = T39MG9MKF5;
				INFOPLIST_FILE = TicTacToe/Info.plist;
				LD_RUNPATH_SEARCH_PATHS = (
					"$(inherited)",
					"@executable_path/Frameworks",
				);
				PRODUCT_BUNDLE_IDENTIFIER = "com.2019-DEV-198.TicTacToe";
				PRODUCT_NAME = "$(TARGET_NAME)";
				SWIFT_VERSION = 5.0;
				TARGETED_DEVICE_FAMILY = "1,2";
			};
			name = Debug;
		};
		8E81A8902340EC5200D31FAF /* Release */ = {
			isa = XCBuildConfiguration;
			buildSettings = {
				ASSETCATALOG_COMPILER_APPICON_NAME = AppIcon;
				CODE_SIGN_STYLE = Automatic;
				DEVELOPMENT_TEAM = T39MG9MKF5;
				INFOPLIST_FILE = TicTacToe/Info.plist;
				LD_RUNPATH_SEARCH_PATHS = (
					"$(inherited)",
					"@executable_path/Frameworks",
				);
				PRODUCT_BUNDLE_IDENTIFIER = "com.2019-DEV-198.TicTacToe";
				PRODUCT_NAME = "$(TARGET_NAME)";
				SWIFT_VERSION = 5.0;
				TARGETED_DEVICE_FAMILY = "1,2";
			};
			name = Release;
		};
		8E81A8922340EC5200D31FAF /* Debug */ = {
			isa = XCBuildConfiguration;
			buildSettings = {
				ALWAYS_EMBED_SWIFT_STANDARD_LIBRARIES = YES;
				BUNDLE_LOADER = "$(TEST_HOST)";
				CODE_SIGN_STYLE = Automatic;
				DEVELOPMENT_TEAM = T39MG9MKF5;
				INFOPLIST_FILE = TicTacToeTests/Info.plist;
				IPHONEOS_DEPLOYMENT_TARGET = 13.0;
				LD_RUNPATH_SEARCH_PATHS = (
					"$(inherited)",
					"@executable_path/Frameworks",
					"@loader_path/Frameworks",
				);
				PRODUCT_BUNDLE_IDENTIFIER = "com.2019-DEV-198.TicTacToeTests";
				PRODUCT_NAME = "$(TARGET_NAME)";
				SWIFT_VERSION = 5.0;
				TARGETED_DEVICE_FAMILY = "1,2";
				TEST_HOST = "$(BUILT_PRODUCTS_DIR)/TicTacToe.app/TicTacToe";
			};
			name = Debug;
		};
		8E81A8932340EC5200D31FAF /* Release */ = {
			isa = XCBuildConfiguration;
			buildSettings = {
				ALWAYS_EMBED_SWIFT_STANDARD_LIBRARIES = YES;
				BUNDLE_LOADER = "$(TEST_HOST)";
				CODE_SIGN_STYLE = Automatic;
				DEVELOPMENT_TEAM = T39MG9MKF5;
				INFOPLIST_FILE = TicTacToeTests/Info.plist;
				IPHONEOS_DEPLOYMENT_TARGET = 13.0;
				LD_RUNPATH_SEARCH_PATHS = (
					"$(inherited)",
					"@executable_path/Frameworks",
					"@loader_path/Frameworks",
				);
				PRODUCT_BUNDLE_IDENTIFIER = "com.2019-DEV-198.TicTacToeTests";
				PRODUCT_NAME = "$(TARGET_NAME)";
				SWIFT_VERSION = 5.0;
				TARGETED_DEVICE_FAMILY = "1,2";
				TEST_HOST = "$(BUILT_PRODUCTS_DIR)/TicTacToe.app/TicTacToe";
			};
			name = Release;
		};
/* End XCBuildConfiguration section */

/* Begin XCConfigurationList section */
		8E81A86A2340EC5000D31FAF /* Build configuration list for PBXProject "TicTacToe" */ = {
			isa = XCConfigurationList;
			buildConfigurations = (
				8E81A88C2340EC5200D31FAF /* Debug */,
				8E81A88D2340EC5200D31FAF /* Release */,
			);
			defaultConfigurationIsVisible = 0;
			defaultConfigurationName = Release;
		};
		8E81A88E2340EC5200D31FAF /* Build configuration list for PBXNativeTarget "TicTacToe" */ = {
			isa = XCConfigurationList;
			buildConfigurations = (
				8E81A88F2340EC5200D31FAF /* Debug */,
				8E81A8902340EC5200D31FAF /* Release */,
			);
			defaultConfigurationIsVisible = 0;
			defaultConfigurationName = Release;
		};
		8E81A8912340EC5200D31FAF /* Build configuration list for PBXNativeTarget "TicTacToeTests" */ = {
			isa = XCConfigurationList;
			buildConfigurations = (
				8E81A8922340EC5200D31FAF /* Debug */,
				8E81A8932340EC5200D31FAF /* Release */,
			);
			defaultConfigurationIsVisible = 0;
			defaultConfigurationName = Release;
		};
/* End XCConfigurationList section */
	};
	rootObject = 8E81A8672340EC5000D31FAF /* Project object */;
}
